Microsoft Visual Studio Solution File, Format Version 12.00
# Visual Studio Version 17
VisualStudioVersion = 17.5.2.0
MinimumVisualStudioVersion = 10.0.40219.1
Project("{FAE04EC0-301F-11D3-BF4B-00C04F79EFBC}") = "Question4", "Question4.csproj", "{4F2AE924-3022-07D6-B97F-674BF6F3CB9D}"
EndProject
Global
	GlobalSection(SolutionConfigurationPlatforms) = preSolution
		Debug|Any CPU = Debug|Any CPU
		Release|Any CPU = Release|Any CPU
	EndGlobalSection
	GlobalSection(ProjectConfigurationPlatforms) = postSolution
		{4F2AE924-3022-07D6-B97F-674BF6F3CB9D}.Debug|Any CPU.ActiveCfg = Debug|Any CPU
		{4F2AE924-3022-07D6-B97F-674BF6F3CB9D}.Debug|Any CPU.Build.0 = Debug|Any CPU
		{4F2AE924-3022-07D6-B97F-674BF6F3CB9D}.Release|Any CPU.ActiveCfg = Release|Any CPU
		{4F2AE924-3022-07D6-B97F-674BF6F3CB9D}.Release|Any CPU.Build.0 = Release|Any CPU
	EndGlobalSection
	GlobalSection(SolutionProperties) = preSolution
		HideSolutionNode = FALSE
	EndGlobalSection
	GlobalSection(ExtensibilityGlobals) = postSolution
		SolutionGuid = {E70082D0-4FE5-4FF6-8245-F92094B3C565}
	EndGlobalSection
EndGlobal
